{
  "name": "school-timetable-management",
  "lockfileVersion": 3,
  "requires": true,
  "packages": {
    "": {
      "name": "school-timetable-management",
      "workspaces": [
        "apps/*",
        "packages/*",
        "services/*"
      ]
    },
    "node_modules/@timetable/academic-year-service": {
      "resolved": "services/academic-year",
      "link": true
    },
    "node_modules/@timetable/auth-service": {
      "resolved": "services/auth",
      "link": true
    },
    "node_modules/@timetable/class-service": {
      "resolved": "services/class",
      "link": true
    },
    "node_modules/@timetable/dashboard-service": {
      "resolved": "services/dashboard",
      "link": true
    },
    "node_modules/@timetable/division-assignment-service": {
      "resolved": "services/division-assignment",
      "link": true
    },
    "node_modules/@timetable/export-service": {
      "resolved": "services/export",
      "link": true
    },
    "node_modules/@timetable/school-config-service": {
      "resolved": "services/school-config",
      "link": true
    },
    "node_modules/@timetable/shared": {
      "resolved": "packages/shared",
      "link": true
    },
    "node_modules/@timetable/subject-service": {
      "resolved": "services/subject",
      "link": true
    },
    "node_modules/@timetable/teacher-service": {
      "resolved": "services/teacher",
      "link": true
    },
    "node_modules/@timetable/timetable-service": {
      "resolved": "services/timetable",
      "link": true
    },
    "node_modules/@timetable/websocket-service": {
      "resolved": "services/websocket",
      "link": true
    },
    "packages/shared": {
      "name": "@timetable/shared",
      "version": "1.0.0"
    },
    "services/academic-year": {
      "name": "@timetable/academic-year-service",
      "version": "1.0.0",
      "dependencies": {
        "@timetable/shared": "*"
      }
    },
    "services/auth": {
      "name": "@timetable/auth-service",
      "version": "1.0.0",
      "dependencies": {
        "@timetable/shared": "*"
      }
    },
    "services/class": {
      "name": "@timetable/class-service",
      "version": "1.0.0",
      "dependencies": {
        "@timetable/shared": "*"
      }
    },
    "services/dashboard": {
      "name": "@timetable/dashboard-service",
      "version": "1.0.0",
      "dependencies": {
        "@timetable/shared": "*"
      }
    },
    "services/division-assignment": {
      "name": "@timetable/division-assignment-service",
      "version": "1.0.0",
      "dependencies": {
        "@timetable/shared": "*"
      }
    },
    "services/export": {
      "name": "@timetable/export-service",
      "version": "1.0.0",
      "dependencies": {
        "@timetable/shared": "*"
      }
    },
    "services/school-config": {
      "name": "@timetable/school-config-service",
      "version": "1.0.0",
      "dependencies": {
        "@timetable/shared": "*"
      }
    },
    "services/subject": {
      "name": "@timetable/subject-service",
      "version": "1.0.0",
      "dependencies": {
        "@timetable/shared": "*"
      }
    },
    "services/teacher": {
      "name": "@timetable/teacher-service",
      "version": "1.0.0",
      "dependencies": {
        "@timetable/shared": "*"
      }
    },
    "services/timetable": {
      "name": "@timetable/timetable-service",
      "version": "1.0.0",
      "dependencies": {
        "@timetable/shared": "*"
      }
    },
    "services/websocket": {
      "name": "@timetable/websocket-service",
      "version": "1.0.0",
      "dependencies": {
        "@timetable/shared": "*"
      }
    }
  }
}
